
Microsoft Visual Studio Solution File, Format Version 12.00
# Visual Studio 2012
Project("{FAE04EC0-301F-11D3-BF4B-00C04F79EFBC}") = "TodoForms", "TodoForms\TodoForms.csproj", "{494BBAC3-75B7-49FA-A801-9195DB3DDF86}"
EndProject
Project("{FAE04EC0-301F-11D3-BF4B-00C04F79EFBC}") = "TodoForms.iOS", "iOS\TodoForms.iOS.csproj", "{24B8D4EC-9244-4883-B6D7-BD1259AA6412}"
EndProject
Project("{FAE04EC0-301F-11D3-BF4B-00C04F79EFBC}") = "TodoForms.Droid", "Droid\TodoForms.Droid.csproj", "{B0F196F5-7D0B-42E5-A0EB-BBE7CC0CC6AC}"
EndProject
Global
	GlobalSection(SolutionConfigurationPlatforms) = preSolution
		Debug|Any CPU = Debug|Any CPU
		Release|Any CPU = Release|Any CPU
		Debug|iPhoneSimulator = Debug|iPhoneSimulator
		Release|iPhone = Release|iPhone
		Release|iPhoneSimulator = Release|iPhoneSimulator
		Debug|iPhone = Debug|iPhone
	EndGlobalSection
	GlobalSection(ProjectConfigurationPlatforms) = postSolution
		{494BBAC3-75B7-49FA-A801-9195DB3DDF86}.Debug|Any CPU.ActiveCfg = Debug|Any CPU
		{494BBAC3-75B7-49FA-A801-9195DB3DDF86}.Debug|Any CPU.Build.0 = Debug|Any CPU
		{494BBAC3-75B7-49FA-A801-9195DB3DDF86}.Release|Any CPU.ActiveCfg = Release|Any CPU
		{494BBAC3-75B7-49FA-A801-9195DB3DDF86}.Release|Any CPU.Build.0 = Release|Any CPU
		{494BBAC3-75B7-49FA-A801-9195DB3DDF86}.Debug|iPhoneSimulator.ActiveCfg = Debug|Any CPU
		{494BBAC3-75B7-49FA-A801-9195DB3DDF86}.Debug|iPhoneSimulator.Build.0 = Debug|Any CPU
		{494BBAC3-75B7-49FA-A801-9195DB3DDF86}.Release|iPhone.ActiveCfg = Release|Any CPU
		{494BBAC3-75B7-49FA-A801-9195DB3DDF86}.Release|iPhone.Build.0 = Release|Any CPU
		{494BBAC3-75B7-49FA-A801-9195DB3DDF86}.Release|iPhoneSimulator.ActiveCfg = Release|Any CPU
		{494BBAC3-75B7-49FA-A801-9195DB3DDF86}.Release|iPhoneSimulator.Build.0 = Release|Any CPU
		{494BBAC3-75B7-49FA-A801-9195DB3DDF86}.Debug|iPhone.ActiveCfg = Debug|Any CPU
		{494BBAC3-75B7-49FA-A801-9195DB3DDF86}.Debug|iPhone.Build.0 = Debug|Any CPU
		{24B8D4EC-9244-4883-B6D7-BD1259AA6412}.Debug|Any CPU.ActiveCfg = Debug|iPhoneSimulator
		{24B8D4EC-9244-4883-B6D7-BD1259AA6412}.Debug|Any CPU.Build.0 = Debug|iPhoneSimulator
		{24B8D4EC-9244-4883-B6D7-BD1259AA6412}.Release|Any CPU.ActiveCfg = Release|iPhone
		{24B8D4EC-9244-4883-B6D7-BD1259AA6412}.Release|Any CPU.Build.0 = Release|iPhone
		{24B8D4EC-9244-4883-B6D7-BD1259AA6412}.Debug|iPhoneSimulator.ActiveCfg = Debug|iPhoneSimulator
		{24B8D4EC-9244-4883-B6D7-BD1259AA6412}.Debug|iPhoneSimulator.Build.0 = Debug|iPhoneSimulator
		{24B8D4EC-9244-4883-B6D7-BD1259AA6412}.Release|iPhone.ActiveCfg = Release|iPhone
		{24B8D4EC-9244-4883-B6D7-BD1259AA6412}.Release|iPhone.Build.0 = Release|iPhone
		{24B8D4EC-9244-4883-B6D7-BD1259AA6412}.Release|iPhoneSimulator.ActiveCfg = Release|iPhoneSimulator
		{24B8D4EC-9244-4883-B6D7-BD1259AA6412}.Release|iPhoneSimulator.Build.0 = Release|iPhoneSimulator
		{24B8D4EC-9244-4883-B6D7-BD1259AA6412}.Debug|iPhone.ActiveCfg = Debug|iPhone
		{24B8D4EC-9244-4883-B6D7-BD1259AA6412}.Debug|iPhone.Build.0 = Debug|iPhone
		{B0F196F5-7D0B-42E5-A0EB-BBE7CC0CC6AC}.Debug|Any CPU.ActiveCfg = Debug|Any CPU
		{B0F196F5-7D0B-42E5-A0EB-BBE7CC0CC6AC}.Debug|Any CPU.Build.0 = Debug|Any CPU
		{B0F196F5-7D0B-42E5-A0EB-BBE7CC0CC6AC}.Release|Any CPU.ActiveCfg = Release|Any CPU
		{B0F196F5-7D0B-42E5-A0EB-BBE7CC0CC6AC}.Release|Any CPU.Build.0 = Release|Any CPU
		{B0F196F5-7D0B-42E5-A0EB-BBE7CC0CC6AC}.Debug|iPhoneSimulator.ActiveCfg = Debug|Any CPU
		{B0F196F5-7D0B-42E5-A0EB-BBE7CC0CC6AC}.Debug|iPhoneSimulator.Build.0 = Debug|Any CPU
		{B0F196F5-7D0B-42E5-A0EB-BBE7CC0CC6AC}.Release|iPhone.ActiveCfg = Release|Any CPU
		{B0F196F5-7D0B-42E5-A0EB-BBE7CC0CC6AC}.Release|iPhone.Build.0 = Release|Any CPU
		{B0F196F5-7D0B-42E5-A0EB-BBE7CC0CC6AC}.Release|iPhoneSimulator.ActiveCfg = Release|Any CPU
		{B0F196F5-7D0B-42E5-A0EB-BBE7CC0CC6AC}.Release|iPhoneSimulator.Build.0 = Release|Any CPU
		{B0F196F5-7D0B-42E5-A0EB-BBE7CC0CC6AC}.Debug|iPhone.ActiveCfg = Debug|Any CPU
		{B0F196F5-7D0B-42E5-A0EB-BBE7CC0CC6AC}.Debug|iPhone.Build.0 = Debug|Any CPU
	EndGlobalSection
EndGlobal
